
Microsoft Visual Studio Solution File, Format Version 12.00
# Visual Studio Version 17
VisualStudioVersion = 17.9.34728.123
MinimumVisualStudioVersion = 10.0.40219.1
Project("{888888A0-9F3D-457C-B088-3A5042F75D52}") = "BottleWebProject_C122_1_KVT", "BottleWebProject_C122_1_KVT\BottleWebProject_C122_1_KVT.pyproj", "{0F750957-7DD2-4C27-A848-1EB887055FC1}"
EndProject
Global
	GlobalSection(SolutionConfigurationPlatforms) = preSolution
		Debug|Any CPU = Debug|Any CPU
		Release|Any CPU = Release|Any CPU
	EndGlobalSection
	GlobalSection(ProjectConfigurationPlatforms) = postSolution
		{0F750957-7DD2-4C27-A848-1EB887055FC1}.Debug|Any CPU.ActiveCfg = Debug|Any CPU
		{0F750957-7DD2-4C27-A848-1EB887055FC1}.Debug|Any CPU.Build.0 = Debug|Any CPU
		{0F750957-7DD2-4C27-A848-1EB887055FC1}.Release|Any CPU.ActiveCfg = Release|Any CPU
		{0F750957-7DD2-4C27-A848-1EB887055FC1}.Release|Any CPU.Build.0 = Release|Any CPU
	EndGlobalSection
	GlobalSection(SolutionProperties) = preSolution
		HideSolutionNode = FALSE
	EndGlobalSection
	GlobalSection(ExtensibilityGlobals) = postSolution
		SolutionGuid = {2DC98763-B0C9-4285-AAA1-7D07EB34901D}
	EndGlobalSection
EndGlobal
